
Microsoft Visual Studio Solution File, Format Version 12.00
# Visual Studio Version 17
VisualStudioVersion = 17.14.36212.18 d17.14
MinimumVisualStudioVersion = 10.0.40219.1
Project("{FAE04EC0-301F-11D3-BF4B-00C04F79EFBC}") = "EbayClone.BuyerService", "EbayClone.BuyerService.csproj", "{817BABFE-5AA3-40CA-A884-1C4F6BAA1125}"
EndProject
Project("{FAE04EC0-301F-11D3-BF4B-00C04F79EFBC}") = "LoggerService", "..\LoggerService\LoggerService.csproj", "{4E5781C0-2472-4242-AFD4-CF8F9A997194}"
EndProject
Project("{FAE04EC0-301F-11D3-BF4B-00C04F79EFBC}") = "Contracts", "..\Contracts\Contracts.csproj", "{F6F3992F-4B29-40A5-B6F5-EF9EE1869CDA}"
EndProject
Project("{FAE04EC0-301F-11D3-BF4B-00C04F79EFBC}") = "Repository", "..\Repository\Repository.csproj", "{5AFE2C8E-8CEA-4FCC-9DBF-A804DCC653E9}"
EndProject
Project("{FAE04EC0-301F-11D3-BF4B-00C04F79EFBC}") = "Service", "..\Service\Service.csproj", "{A61D9A67-3902-46E9-85B2-46BCDA96CA53}"
EndProject
Project("{FAE04EC0-301F-11D3-BF4B-00C04F79EFBC}") = "Service.Contracts", "..\Service.Contracts\Service.Contracts.csproj", "{645D3ABD-B16A-42C1-A554-29B2A9049358}"
EndProject
Project("{FAE04EC0-301F-11D3-BF4B-00C04F79EFBC}") = "Shared", "..\Shared\Shared.csproj", "{04858249-802C-4F19-8891-653815FCC3EB}"
EndProject
Project("{FAE04EC0-301F-11D3-BF4B-00C04F79EFBC}") = "Entities", "..\Entities\Entities.csproj", "{0A2D7934-A065-4F24-8BAC-EC103784F5DB}"
EndProject
Global
	GlobalSection(SolutionConfigurationPlatforms) = preSolution
		Debug|Any CPU = Debug|Any CPU
		Release|Any CPU = Release|Any CPU
	EndGlobalSection
	GlobalSection(ProjectConfigurationPlatforms) = postSolution
		{817BABFE-5AA3-40CA-A884-1C4F6BAA1125}.Debug|Any CPU.ActiveCfg = Debug|Any CPU
		{817BABFE-5AA3-40CA-A884-1C4F6BAA1125}.Debug|Any CPU.Build.0 = Debug|Any CPU
		{817BABFE-5AA3-40CA-A884-1C4F6BAA1125}.Release|Any CPU.ActiveCfg = Release|Any CPU
		{817BABFE-5AA3-40CA-A884-1C4F6BAA1125}.Release|Any CPU.Build.0 = Release|Any CPU
		{4E5781C0-2472-4242-AFD4-CF8F9A997194}.Debug|Any CPU.ActiveCfg = Debug|Any CPU
		{4E5781C0-2472-4242-AFD4-CF8F9A997194}.Debug|Any CPU.Build.0 = Debug|Any CPU
		{4E5781C0-2472-4242-AFD4-CF8F9A997194}.Release|Any CPU.ActiveCfg = Release|Any CPU
		{4E5781C0-2472-4242-AFD4-CF8F9A997194}.Release|Any CPU.Build.0 = Release|Any CPU
		{F6F3992F-4B29-40A5-B6F5-EF9EE1869CDA}.Debug|Any CPU.ActiveCfg = Debug|Any CPU
		{F6F3992F-4B29-40A5-B6F5-EF9EE1869CDA}.Debug|Any CPU.Build.0 = Debug|Any CPU
		{F6F3992F-4B29-40A5-B6F5-EF9EE1869CDA}.Release|Any CPU.ActiveCfg = Release|Any CPU
		{F6F3992F-4B29-40A5-B6F5-EF9EE1869CDA}.Release|Any CPU.Build.0 = Release|Any CPU
		{5AFE2C8E-8CEA-4FCC-9DBF-A804DCC653E9}.Debug|Any CPU.ActiveCfg = Debug|Any CPU
		{5AFE2C8E-8CEA-4FCC-9DBF-A804DCC653E9}.Debug|Any CPU.Build.0 = Debug|Any CPU
		{5AFE2C8E-8CEA-4FCC-9DBF-A804DCC653E9}.Release|Any CPU.ActiveCfg = Release|Any CPU
		{5AFE2C8E-8CEA-4FCC-9DBF-A804DCC653E9}.Release|Any CPU.Build.0 = Release|Any CPU
		{A61D9A67-3902-46E9-85B2-46BCDA96CA53}.Debug|Any CPU.ActiveCfg = Debug|Any CPU
		{A61D9A67-3902-46E9-85B2-46BCDA96CA53}.Debug|Any CPU.Build.0 = Debug|Any CPU
		{A61D9A67-3902-46E9-85B2-46BCDA96CA53}.Release|Any CPU.ActiveCfg = Release|Any CPU
		{A61D9A67-3902-46E9-85B2-46BCDA96CA53}.Release|Any CPU.Build.0 = Release|Any CPU
		{645D3ABD-B16A-42C1-A554-29B2A9049358}.Debug|Any CPU.ActiveCfg = Debug|Any CPU
		{645D3ABD-B16A-42C1-A554-29B2A9049358}.Debug|Any CPU.Build.0 = Debug|Any CPU
		{645D3ABD-B16A-42C1-A554-29B2A9049358}.Release|Any CPU.ActiveCfg = Release|Any CPU
		{645D3ABD-B16A-42C1-A554-29B2A9049358}.Release|Any CPU.Build.0 = Release|Any CPU
		{04858249-802C-4F19-8891-653815FCC3EB}.Debug|Any CPU.ActiveCfg = Debug|Any CPU
		{04858249-802C-4F19-8891-653815FCC3EB}.Debug|Any CPU.Build.0 = Debug|Any CPU
		{04858249-802C-4F19-8891-653815FCC3EB}.Release|Any CPU.ActiveCfg = Release|Any CPU
		{04858249-802C-4F19-8891-653815FCC3EB}.Release|Any CPU.Build.0 = Release|Any CPU
		{0A2D7934-A065-4F24-8BAC-EC103784F5DB}.Debug|Any CPU.ActiveCfg = Debug|Any CPU
		{0A2D7934-A065-4F24-8BAC-EC103784F5DB}.Debug|Any CPU.Build.0 = Debug|Any CPU
		{0A2D7934-A065-4F24-8BAC-EC103784F5DB}.Release|Any CPU.ActiveCfg = Release|Any CPU
		{0A2D7934-A065-4F24-8BAC-EC103784F5DB}.Release|Any CPU.Build.0 = Release|Any CPU
	EndGlobalSection
	GlobalSection(SolutionProperties) = preSolution
		HideSolutionNode = FALSE
	EndGlobalSection
	GlobalSection(ExtensibilityGlobals) = postSolution
		SolutionGuid = {70AC9481-2C78-4F43-B0E9-D40986C55672}
	EndGlobalSection
EndGlobal
